
Microsoft Visual Studio Solution File, Format Version 12.00
# Visual Studio Version 17
VisualStudioVersion = 17.3.32901.215
MinimumVisualStudioVersion = 10.0.40219.1
Project("{FAE04EC0-301F-11D3-BF4B-00C04F79EFBC}") = "hello world", "hello world\hello world.csproj", "{27997796-975E-4D68-8E33-EFA82116E3CC}"
EndProject
Global
	GlobalSection(SolutionConfigurationPlatforms) = preSolution
		Debug|Any CPU = Debug|Any CPU
		Release|Any CPU = Release|Any CPU
	EndGlobalSection
	GlobalSection(ProjectConfigurationPlatforms) = postSolution
		{27997796-975E-4D68-8E33-EFA82116E3CC}.Debug|Any CPU.ActiveCfg = Debug|Any CPU
		{27997796-975E-4D68-8E33-EFA82116E3CC}.Debug|Any CPU.Build.0 = Debug|Any CPU
		{27997796-975E-4D68-8E33-EFA82116E3CC}.Release|Any CPU.ActiveCfg = Release|Any CPU
		{27997796-975E-4D68-8E33-EFA82116E3CC}.Release|Any CPU.Build.0 = Release|Any CPU
	EndGlobalSection
	GlobalSection(SolutionProperties) = preSolution
		HideSolutionNode = FALSE
	EndGlobalSection
	GlobalSection(ExtensibilityGlobals) = postSolution
		SolutionGuid = {5F1EA6D4-4262-4131-8B2D-E4045FA1E0AB}
	EndGlobalSection
EndGlobal
